
Microsoft Visual Studio Solution File, Format Version 12.00
# Visual Studio Version 17
VisualStudioVersion = 17.9.34723.18
MinimumVisualStudioVersion = 10.0.40219.1
Project("{9A19103F-16F7-4668-BE54-9A1E7A4F7556}") = "wget2.exe.Demo", "wget2.exe.Demo\wget2.exe.Demo.csproj", "{B7941BBE-CC9A-4768-AC82-21A80B963484}"
EndProject
Project("{9A19103F-16F7-4668-BE54-9A1E7A4F7556}") = "wget2.exe", "wget2.exe\wget2.exe.csproj", "{CC21E161-2171-4064-B889-52A8AE215CDD}"
EndProject
Project("{9A19103F-16F7-4668-BE54-9A1E7A4F7556}") = "wget2.exe.Test", "wget2.exe.Test\wget2.exe.Test.csproj", "{4A5D801D-F2F3-465F-8AC8-D44B9E5ECF67}"
EndProject
Global
	GlobalSection(SolutionConfigurationPlatforms) = preSolution
		Debug|Any CPU = Debug|Any CPU
		Release|Any CPU = Release|Any CPU
	EndGlobalSection
	GlobalSection(ProjectConfigurationPlatforms) = postSolution
		{B7941BBE-CC9A-4768-AC82-21A80B963484}.Debug|Any CPU.ActiveCfg = Debug|Any CPU
		{B7941BBE-CC9A-4768-AC82-21A80B963484}.Debug|Any CPU.Build.0 = Debug|Any CPU
		{B7941BBE-CC9A-4768-AC82-21A80B963484}.Release|Any CPU.ActiveCfg = Release|Any CPU
		{B7941BBE-CC9A-4768-AC82-21A80B963484}.Release|Any CPU.Build.0 = Release|Any CPU
		{CC21E161-2171-4064-B889-52A8AE215CDD}.Debug|Any CPU.ActiveCfg = Debug|Any CPU
		{CC21E161-2171-4064-B889-52A8AE215CDD}.Debug|Any CPU.Build.0 = Debug|Any CPU
		{CC21E161-2171-4064-B889-52A8AE215CDD}.Release|Any CPU.ActiveCfg = Release|Any CPU
		{CC21E161-2171-4064-B889-52A8AE215CDD}.Release|Any CPU.Build.0 = Release|Any CPU
		{4A5D801D-F2F3-465F-8AC8-D44B9E5ECF67}.Debug|Any CPU.ActiveCfg = Debug|Any CPU
		{4A5D801D-F2F3-465F-8AC8-D44B9E5ECF67}.Debug|Any CPU.Build.0 = Debug|Any CPU
		{4A5D801D-F2F3-465F-8AC8-D44B9E5ECF67}.Release|Any CPU.ActiveCfg = Release|Any CPU
		{4A5D801D-F2F3-465F-8AC8-D44B9E5ECF67}.Release|Any CPU.Build.0 = Release|Any CPU
	EndGlobalSection
	GlobalSection(SolutionProperties) = preSolution
		HideSolutionNode = FALSE
	EndGlobalSection
	GlobalSection(ExtensibilityGlobals) = postSolution
		SolutionGuid = {CC87A960-1CD8-467F-B89D-333E1F6CF231}
	EndGlobalSection
EndGlobal
